
Microsoft Visual Studio Solution File, Format Version 12.00
# Visual Studio 14
VisualStudioVersion = 14.0.25420.1
MinimumVisualStudioVersion = 10.0.40219.1
Project("{FAE04EC0-301F-11D3-BF4B-00C04F79EFBC}") = "WPF_A", "WPF_A\WPF_A.csproj", "{CE34A455-B0A3-4AFB-A84F-C04523918826}"
EndProject
Project("{FAE04EC0-301F-11D3-BF4B-00C04F79EFBC}") = "C sharp CardLib", "..\..\C sharp CardLib\C sharp CardLib\C sharp CardLib.csproj", "{C95A3723-85FB-4B77-B815-ABCC0A49B470}"
EndProject
Global
	GlobalSection(SolutionConfigurationPlatforms) = preSolution
		Debug|Any CPU = Debug|Any CPU
		Release|Any CPU = Release|Any CPU
	EndGlobalSection
	GlobalSection(ProjectConfigurationPlatforms) = postSolution
		{CE34A455-B0A3-4AFB-A84F-C04523918826}.Debug|Any CPU.ActiveCfg = Debug|Any CPU
		{CE34A455-B0A3-4AFB-A84F-C04523918826}.Debug|Any CPU.Build.0 = Debug|Any CPU
		{CE34A455-B0A3-4AFB-A84F-C04523918826}.Release|Any CPU.ActiveCfg = Release|Any CPU
		{CE34A455-B0A3-4AFB-A84F-C04523918826}.Release|Any CPU.Build.0 = Release|Any CPU
		{C95A3723-85FB-4B77-B815-ABCC0A49B470}.Debug|Any CPU.ActiveCfg = Debug|Any CPU
		{C95A3723-85FB-4B77-B815-ABCC0A49B470}.Debug|Any CPU.Build.0 = Debug|Any CPU
		{C95A3723-85FB-4B77-B815-ABCC0A49B470}.Release|Any CPU.ActiveCfg = Release|Any CPU
		{C95A3723-85FB-4B77-B815-ABCC0A49B470}.Release|Any CPU.Build.0 = Release|Any CPU
	EndGlobalSection
	GlobalSection(SolutionProperties) = preSolution
		HideSolutionNode = FALSE
	EndGlobalSection
EndGlobal
